
Microsoft Visual Studio Solution File, Format Version 12.00
# Visual Studio Version 17
VisualStudioVersion = 17.9.34616.47
MinimumVisualStudioVersion = 10.0.40219.1
Project("{FAE04EC0-301F-11D3-BF4B-00C04F79EFBC}") = "image-search.Server", "image-search.Server\image-search.Server.csproj", "{7691A1A4-2D3F-48ED-9067-A31381C16762}"
EndProject
Project("{54A90642-561A-4BB1-A94E-469ADEE60C69}") = "image-search.client", "image-search.client\image-search.client.esproj", "{9F25344A-35EE-4B51-A139-35797C139360}"
EndProject
Global
	GlobalSection(SolutionConfigurationPlatforms) = preSolution
		Debug|Any CPU = Debug|Any CPU
		Release|Any CPU = Release|Any CPU
	EndGlobalSection
	GlobalSection(ProjectConfigurationPlatforms) = postSolution
		{7691A1A4-2D3F-48ED-9067-A31381C16762}.Debug|Any CPU.ActiveCfg = Debug|Any CPU
		{7691A1A4-2D3F-48ED-9067-A31381C16762}.Debug|Any CPU.Build.0 = Debug|Any CPU
		{7691A1A4-2D3F-48ED-9067-A31381C16762}.Release|Any CPU.ActiveCfg = Release|Any CPU
		{7691A1A4-2D3F-48ED-9067-A31381C16762}.Release|Any CPU.Build.0 = Release|Any CPU
		{9F25344A-35EE-4B51-A139-35797C139360}.Debug|Any CPU.ActiveCfg = Debug|Any CPU
		{9F25344A-35EE-4B51-A139-35797C139360}.Debug|Any CPU.Build.0 = Debug|Any CPU
		{9F25344A-35EE-4B51-A139-35797C139360}.Debug|Any CPU.Deploy.0 = Debug|Any CPU
		{9F25344A-35EE-4B51-A139-35797C139360}.Release|Any CPU.ActiveCfg = Release|Any CPU
		{9F25344A-35EE-4B51-A139-35797C139360}.Release|Any CPU.Build.0 = Release|Any CPU
		{9F25344A-35EE-4B51-A139-35797C139360}.Release|Any CPU.Deploy.0 = Release|Any CPU
	EndGlobalSection
	GlobalSection(SolutionProperties) = preSolution
		HideSolutionNode = FALSE
	EndGlobalSection
	GlobalSection(ExtensibilityGlobals) = postSolution
		SolutionGuid = {5B373E9C-D753-47AB-AF9A-6D2515F1E5EF}
	EndGlobalSection
EndGlobal
